
Microsoft Visual Studio Solution File, Format Version 12.00
# Visual Studio 15
VisualStudioVersion = 15.0.28307.1082
MinimumVisualStudioVersion = 10.0.40219.1
Project("{FAE04EC0-301F-11D3-BF4B-00C04F79EFBC}") = "LSTMConsoleApp", "LSTMConsoleApp\LSTMConsoleApp.csproj", "{5B6FC9BE-FB29-4398-AD0D-D896DD6496EE}"
EndProject
Global
	GlobalSection(SolutionConfigurationPlatforms) = preSolution
		Debug|Any CPU = Debug|Any CPU
		Release|Any CPU = Release|Any CPU
	EndGlobalSection
	GlobalSection(ProjectConfigurationPlatforms) = postSolution
		{5B6FC9BE-FB29-4398-AD0D-D896DD6496EE}.Debug|Any CPU.ActiveCfg = Debug|Any CPU
		{5B6FC9BE-FB29-4398-AD0D-D896DD6496EE}.Debug|Any CPU.Build.0 = Debug|Any CPU
		{5B6FC9BE-FB29-4398-AD0D-D896DD6496EE}.Release|Any CPU.ActiveCfg = Release|Any CPU
		{5B6FC9BE-FB29-4398-AD0D-D896DD6496EE}.Release|Any CPU.Build.0 = Release|Any CPU
	EndGlobalSection
	GlobalSection(SolutionProperties) = preSolution
		HideSolutionNode = FALSE
	EndGlobalSection
	GlobalSection(ExtensibilityGlobals) = postSolution
		SolutionGuid = {961CB977-05E6-4CC3-93B7-521246FB55BD}
	EndGlobalSection
EndGlobal
